
Microsoft Visual Studio Solution File, Format Version 12.00
# Visual Studio 15
VisualStudioVersion = 15.0.28307.645
MinimumVisualStudioVersion = 10.0.40219.1
Project("{C7167F0D-BC9F-4E6E-AFE1-012C56B48DB5}") = "AppServicePackage", "AppServicePackage\AppServicePackage.wapproj", "{5CB84A69-F243-49AD-B64A-90665FF9F145}"
EndProject
Project("{FAE04EC0-301F-11D3-BF4B-00C04F79EFBC}") = "AlertWindow", "AlertWindow\AlertWindow.csproj", "{C97561E6-1184-4875-A645-C5673335DF14}"
EndProject
Project("{FAE04EC0-301F-11D3-BF4B-00C04F79EFBC}") = "AppServiceTest", "AppServiceTest\AppServiceTest.csproj", "{6F609C29-D71C-445A-B4DB-4225AF580E4E}"
EndProject
Global
	GlobalSection(SolutionConfigurationPlatforms) = preSolution
		Debug|Any CPU = Debug|Any CPU
		Debug|ARM = Debug|ARM
		Debug|ARM64 = Debug|ARM64
		Debug|x64 = Debug|x64
		Debug|x86 = Debug|x86
		Release|Any CPU = Release|Any CPU
		Release|ARM = Release|ARM
		Release|ARM64 = Release|ARM64
		Release|x64 = Release|x64
		Release|x86 = Release|x86
	EndGlobalSection
	GlobalSection(ProjectConfigurationPlatforms) = postSolution
		{5CB84A69-F243-49AD-B64A-90665FF9F145}.Debug|Any CPU.ActiveCfg = Debug|Any CPU
		{5CB84A69-F243-49AD-B64A-90665FF9F145}.Debug|Any CPU.Build.0 = Debug|Any CPU
		{5CB84A69-F243-49AD-B64A-90665FF9F145}.Debug|Any CPU.Deploy.0 = Debug|Any CPU
		{5CB84A69-F243-49AD-B64A-90665FF9F145}.Debug|ARM.ActiveCfg = Debug|Any CPU
		{5CB84A69-F243-49AD-B64A-90665FF9F145}.Debug|ARM.Build.0 = Debug|Any CPU
		{5CB84A69-F243-49AD-B64A-90665FF9F145}.Debug|ARM.Deploy.0 = Debug|Any CPU
		{5CB84A69-F243-49AD-B64A-90665FF9F145}.Debug|ARM64.ActiveCfg = Debug|Any CPU
		{5CB84A69-F243-49AD-B64A-90665FF9F145}.Debug|ARM64.Build.0 = Debug|Any CPU
		{5CB84A69-F243-49AD-B64A-90665FF9F145}.Debug|ARM64.Deploy.0 = Debug|Any CPU
		{5CB84A69-F243-49AD-B64A-90665FF9F145}.Debug|x64.ActiveCfg = Debug|x64
		{5CB84A69-F243-49AD-B64A-90665FF9F145}.Debug|x64.Build.0 = Debug|x64
		{5CB84A69-F243-49AD-B64A-90665FF9F145}.Debug|x64.Deploy.0 = Debug|x64
		{5CB84A69-F243-49AD-B64A-90665FF9F145}.Debug|x86.ActiveCfg = Debug|x86
		{5CB84A69-F243-49AD-B64A-90665FF9F145}.Debug|x86.Build.0 = Debug|x86
		{5CB84A69-F243-49AD-B64A-90665FF9F145}.Debug|x86.Deploy.0 = Debug|x86
		{5CB84A69-F243-49AD-B64A-90665FF9F145}.Release|Any CPU.ActiveCfg = Release|Any CPU
		{5CB84A69-F243-49AD-B64A-90665FF9F145}.Release|Any CPU.Build.0 = Release|Any CPU
		{5CB84A69-F243-49AD-B64A-90665FF9F145}.Release|Any CPU.Deploy.0 = Release|Any CPU
		{5CB84A69-F243-49AD-B64A-90665FF9F145}.Release|ARM.ActiveCfg = Release|Any CPU
		{5CB84A69-F243-49AD-B64A-90665FF9F145}.Release|ARM.Build.0 = Release|Any CPU
		{5CB84A69-F243-49AD-B64A-90665FF9F145}.Release|ARM.Deploy.0 = Release|Any CPU
		{5CB84A69-F243-49AD-B64A-90665FF9F145}.Release|ARM64.ActiveCfg = Release|Any CPU
		{5CB84A69-F243-49AD-B64A-90665FF9F145}.Release|ARM64.Build.0 = Release|Any CPU
		{5CB84A69-F243-49AD-B64A-90665FF9F145}.Release|ARM64.Deploy.0 = Release|Any CPU
		{5CB84A69-F243-49AD-B64A-90665FF9F145}.Release|x64.ActiveCfg = Release|x64
		{5CB84A69-F243-49AD-B64A-90665FF9F145}.Release|x64.Build.0 = Release|x64
		{5CB84A69-F243-49AD-B64A-90665FF9F145}.Release|x64.Deploy.0 = Release|x64
		{5CB84A69-F243-49AD-B64A-90665FF9F145}.Release|x86.ActiveCfg = Release|x86
		{5CB84A69-F243-49AD-B64A-90665FF9F145}.Release|x86.Build.0 = Release|x86
		{5CB84A69-F243-49AD-B64A-90665FF9F145}.Release|x86.Deploy.0 = Release|x86
		{C97561E6-1184-4875-A645-C5673335DF14}.Debug|Any CPU.ActiveCfg = Debug|Any CPU
		{C97561E6-1184-4875-A645-C5673335DF14}.Debug|Any CPU.Build.0 = Debug|Any CPU
		{C97561E6-1184-4875-A645-C5673335DF14}.Debug|ARM.ActiveCfg = Debug|Any CPU
		{C97561E6-1184-4875-A645-C5673335DF14}.Debug|ARM.Build.0 = Debug|Any CPU
		{C97561E6-1184-4875-A645-C5673335DF14}.Debug|ARM64.ActiveCfg = Debug|Any CPU
		{C97561E6-1184-4875-A645-C5673335DF14}.Debug|ARM64.Build.0 = Debug|Any CPU
		{C97561E6-1184-4875-A645-C5673335DF14}.Debug|x64.ActiveCfg = Debug|Any CPU
		{C97561E6-1184-4875-A645-C5673335DF14}.Debug|x64.Build.0 = Debug|Any CPU
		{C97561E6-1184-4875-A645-C5673335DF14}.Debug|x86.ActiveCfg = Debug|Any CPU
		{C97561E6-1184-4875-A645-C5673335DF14}.Debug|x86.Build.0 = Debug|Any CPU
		{C97561E6-1184-4875-A645-C5673335DF14}.Release|Any CPU.ActiveCfg = Release|Any CPU
		{C97561E6-1184-4875-A645-C5673335DF14}.Release|Any CPU.Build.0 = Release|Any CPU
		{C97561E6-1184-4875-A645-C5673335DF14}.Release|ARM.ActiveCfg = Release|Any CPU
		{C97561E6-1184-4875-A645-C5673335DF14}.Release|ARM.Build.0 = Release|Any CPU
		{C97561E6-1184-4875-A645-C5673335DF14}.Release|ARM64.ActiveCfg = Release|Any CPU
		{C97561E6-1184-4875-A645-C5673335DF14}.Release|ARM64.Build.0 = Release|Any CPU
		{C97561E6-1184-4875-A645-C5673335DF14}.Release|x64.ActiveCfg = Release|Any CPU
		{C97561E6-1184-4875-A645-C5673335DF14}.Release|x64.Build.0 = Release|Any CPU
		{C97561E6-1184-4875-A645-C5673335DF14}.Release|x86.ActiveCfg = Release|Any CPU
		{C97561E6-1184-4875-A645-C5673335DF14}.Release|x86.Build.0 = Release|Any CPU
		{6F609C29-D71C-445A-B4DB-4225AF580E4E}.Debug|Any CPU.ActiveCfg = Debug|x86
		{6F609C29-D71C-445A-B4DB-4225AF580E4E}.Debug|ARM.ActiveCfg = Debug|ARM
		{6F609C29-D71C-445A-B4DB-4225AF580E4E}.Debug|ARM.Build.0 = Debug|ARM
		{6F609C29-D71C-445A-B4DB-4225AF580E4E}.Debug|ARM.Deploy.0 = Debug|ARM
		{6F609C29-D71C-445A-B4DB-4225AF580E4E}.Debug|ARM64.ActiveCfg = Debug|ARM64
		{6F609C29-D71C-445A-B4DB-4225AF580E4E}.Debug|ARM64.Build.0 = Debug|ARM64
		{6F609C29-D71C-445A-B4DB-4225AF580E4E}.Debug|ARM64.Deploy.0 = Debug|ARM64
		{6F609C29-D71C-445A-B4DB-4225AF580E4E}.Debug|x64.ActiveCfg = Debug|x64
		{6F609C29-D71C-445A-B4DB-4225AF580E4E}.Debug|x64.Build.0 = Debug|x64
		{6F609C29-D71C-445A-B4DB-4225AF580E4E}.Debug|x64.Deploy.0 = Debug|x64
		{6F609C29-D71C-445A-B4DB-4225AF580E4E}.Debug|x86.ActiveCfg = Debug|x86
		{6F609C29-D71C-445A-B4DB-4225AF580E4E}.Debug|x86.Build.0 = Debug|x86
		{6F609C29-D71C-445A-B4DB-4225AF580E4E}.Debug|x86.Deploy.0 = Debug|x86
		{6F609C29-D71C-445A-B4DB-4225AF580E4E}.Release|Any CPU.ActiveCfg = Release|x86
		{6F609C29-D71C-445A-B4DB-4225AF580E4E}.Release|ARM.ActiveCfg = Release|ARM
		{6F609C29-D71C-445A-B4DB-4225AF580E4E}.Release|ARM.Build.0 = Release|ARM
		{6F609C29-D71C-445A-B4DB-4225AF580E4E}.Release|ARM.Deploy.0 = Release|ARM
		{6F609C29-D71C-445A-B4DB-4225AF580E4E}.Release|ARM64.ActiveCfg = Release|ARM64
		{6F609C29-D71C-445A-B4DB-4225AF580E4E}.Release|ARM64.Build.0 = Release|ARM64
		{6F609C29-D71C-445A-B4DB-4225AF580E4E}.Release|ARM64.Deploy.0 = Release|ARM64
		{6F609C29-D71C-445A-B4DB-4225AF580E4E}.Release|x64.ActiveCfg = Release|x64
		{6F609C29-D71C-445A-B4DB-4225AF580E4E}.Release|x64.Build.0 = Release|x64
		{6F609C29-D71C-445A-B4DB-4225AF580E4E}.Release|x64.Deploy.0 = Release|x64
		{6F609C29-D71C-445A-B4DB-4225AF580E4E}.Release|x86.ActiveCfg = Release|x86
		{6F609C29-D71C-445A-B4DB-4225AF580E4E}.Release|x86.Build.0 = Release|x86
		{6F609C29-D71C-445A-B4DB-4225AF580E4E}.Release|x86.Deploy.0 = Release|x86
	EndGlobalSection
	GlobalSection(SolutionProperties) = preSolution
		HideSolutionNode = FALSE
	EndGlobalSection
	GlobalSection(ExtensibilityGlobals) = postSolution
		SolutionGuid = {35C8F01F-9A85-4501-9E99-5784ACF8AD6F}
	EndGlobalSection
EndGlobal
